
Microsoft Visual Studio Solution File, Format Version 12.00
# Visual Studio 2015
Project("{FAE04EC0-301F-11D3-BF4B-00C04F79EFBC}") = "Terry time.CSharp.Plugins", "Terry time.CSharp.Plugins.csproj", "{F6584D9D-8951-E54C-9747-610F46367CD1}"
EndProject
Project("{FAE04EC0-301F-11D3-BF4B-00C04F79EFBC}") = "Terry time.CSharp", "Terry time.CSharp.csproj", "{4B9A1ABA-2459-E981-F328-010F662139D1}"
EndProject
Project("{FAE04EC0-301F-11D3-BF4B-00C04F79EFBC}") = "Terry time.CSharp.Editor.Plugins", "Terry time.CSharp.Editor.Plugins.csproj", "{B1B7C66D-D0A5-1222-97D3-B3C4C65270DA}"
EndProject
Global
	GlobalSection(SolutionConfigurationPlatforms) = preSolution
		Debug|Any CPU = Debug|Any CPU
		Release|Any CPU = Release|Any CPU
	EndGlobalSection
	GlobalSection(ProjectConfigurationPlatforms) = postSolution
		{F6584D9D-8951-E54C-9747-610F46367CD1}.Debug|Any CPU.ActiveCfg = Debug|Any CPU
		{F6584D9D-8951-E54C-9747-610F46367CD1}.Debug|Any CPU.Build.0 = Debug|Any CPU
		{F6584D9D-8951-E54C-9747-610F46367CD1}.Release|Any CPU.ActiveCfg = Release|Any CPU
		{F6584D9D-8951-E54C-9747-610F46367CD1}.Release|Any CPU.Build.0 = Release|Any CPU
		{4B9A1ABA-2459-E981-F328-010F662139D1}.Debug|Any CPU.ActiveCfg = Debug|Any CPU
		{4B9A1ABA-2459-E981-F328-010F662139D1}.Debug|Any CPU.Build.0 = Debug|Any CPU
		{4B9A1ABA-2459-E981-F328-010F662139D1}.Release|Any CPU.ActiveCfg = Release|Any CPU
		{4B9A1ABA-2459-E981-F328-010F662139D1}.Release|Any CPU.Build.0 = Release|Any CPU
		{B1B7C66D-D0A5-1222-97D3-B3C4C65270DA}.Debug|Any CPU.ActiveCfg = Debug|Any CPU
		{B1B7C66D-D0A5-1222-97D3-B3C4C65270DA}.Debug|Any CPU.Build.0 = Debug|Any CPU
		{B1B7C66D-D0A5-1222-97D3-B3C4C65270DA}.Release|Any CPU.ActiveCfg = Release|Any CPU
		{B1B7C66D-D0A5-1222-97D3-B3C4C65270DA}.Release|Any CPU.Build.0 = Release|Any CPU
	EndGlobalSection
	GlobalSection(SolutionProperties) = preSolution
		HideSolutionNode = FALSE
	EndGlobalSection
EndGlobal
